
Microsoft Visual Studio Solution File, Format Version 11.00
# Visual Studio 2010
Project("{8BC9CEB8-8B4A-11D0-8D11-00A0C91BC942}") = "Co-GLRenderer", "Co-Renderer\Co-Renderer.vcxproj", "{2830D43B-B50C-4CFC-82BA-52B412DCAFD1}"
EndProject
Project("{8BC9CEB8-8B4A-11D0-8D11-00A0C91BC942}") = "Co-Rk", "Co-Rk\Co-Rk.vcxproj", "{224A74A3-9981-4FB2-85E9-B073D3CA98B1}"
EndProject
Project("{8BC9CEB8-8B4A-11D0-8D11-00A0C91BC942}") = "Co-Model", "Co-Model\Co-Model.vcxproj", "{02206154-3ACA-4BC9-B4CF-D58FBD93722E}"
EndProject
Project("{8BC9CEB8-8B4A-11D0-8D11-00A0C91BC942}") = "Co-Texture", "Co-Texture\Co-Texture.vcxproj", "{13DDACC6-6A8F-4EB8-A58F-F70A1876D653}"
EndProject
Project("{8BC9CEB8-8B4A-11D0-8D11-00A0C91BC942}") = "Co-Texture-Tool", "Co-Texture-Tool\Co-Texture-Tool.vcxproj", "{24905BC3-6AF0-4C4D-98BE-A7DD41659C39}"
EndProject
Project("{8BC9CEB8-8B4A-11D0-8D11-00A0C91BC942}") = "Co-Freetype", "Co-Freetype\Co-Freetype.vcxproj", "{FD1CD69B-B8ED-40A0-962A-2E89E43D538B}"
EndProject
Project("{8BC9CEB8-8B4A-11D0-8D11-00A0C91BC942}") = "Co-Font", "Co-Font\Co-Font.vcxproj", "{0E64C3BC-A6A1-4E70-B523-E70198E6DF43}"
EndProject
Project("{8BC9CEB8-8B4A-11D0-8D11-00A0C91BC942}") = "Co-WorkQueue", "Co-WorkQueue\Co-WorkQueue.vcxproj", "{72E38E20-2807-40DD-BB04-DE498EB131B8}"
EndProject
Project("{8BC9CEB8-8B4A-11D0-8D11-00A0C91BC942}") = "Co-Filesystem", "Co-Filesystem\Co-Filesystem.vcxproj", "{00CAA543-BECD-42CE-BA7A-D7D77A867811}"
EndProject
Project("{8BC9CEB8-8B4A-11D0-8D11-00A0C91BC942}") = "Co-GLEW", "Co-GLEW\Co-GLEW.vcxproj", "{54C7E226-E083-46DE-8E38-1DB1190D12C4}"
EndProject
Project("{8BC9CEB8-8B4A-11D0-8D11-00A0C91BC942}") = "Co-ClientFrontend", "Co-ClientFrontend\Co-ClientFrontend.vcxproj", "{5F707372-521C-4953-B6BF-63317C0E9F51}"
EndProject
Project("{2150E333-8FDC-42A3-9474-1A3956D46DE8}") = "Cobalt", "Cobalt", "{BB74804B-E389-48B4-9097-BD1900960311}"
EndProject
Project("{2150E333-8FDC-42A3-9474-1A3956D46DE8}") = "Pyrite", "Pyrite", "{8550B6DA-9C96-400E-BD4F-183E1D5EFBC9}"
EndProject
Project("{8BC9CEB8-8B4A-11D0-8D11-00A0C91BC942}") = "Pyrite", "Pyrite\Pyrite.vcxproj", "{A95A6411-2FC8-41B3-ACF6-15C597353297}"
EndProject
Project("{8BC9CEB8-8B4A-11D0-8D11-00A0C91BC942}") = "Pyr-Client", "Pyr-Client\Pyr-Client.vcxproj", "{B019D463-2FDB-447A-8D55-7384ABDB2307}"
EndProject
Project("{8BC9CEB8-8B4A-11D0-8D11-00A0C91BC942}") = "Pyr-Server", "Pyr-Server\Pyr-Server.vcxproj", "{9292B48D-D345-402D-A3C6-84CE360F83EE}"
EndProject
Project("{8BC9CEB8-8B4A-11D0-8D11-00A0C91BC942}") = "Co-Audio-XA2", "Co-Audio-XA2\Co-Audio-XA2.vcxproj", "{F40052A7-EBE6-4744-835F-5CDC195B8267}"
EndProject
Project("{8BC9CEB8-8B4A-11D0-8D11-00A0C91BC942}") = "Co-Common", "Co-Common\Co-Common.vcxproj", "{7A374145-D2BE-4E29-A8C5-972276ED6DA9}"
EndProject
Project("{8BC9CEB8-8B4A-11D0-8D11-00A0C91BC942}") = "Co-AudioSample", "Co-AudioSample\Co-AudioSample.vcxproj", "{0AA00A74-0E4E-48B2-9EE1-D2C30E4B120B}"
EndProject
Global
	GlobalSection(SolutionConfigurationPlatforms) = preSolution
		Debug|Win32 = Debug|Win32
		Debug|x64 = Debug|x64
		Release|Win32 = Release|Win32
		Release|x64 = Release|x64
	EndGlobalSection
	GlobalSection(ProjectConfigurationPlatforms) = postSolution
		{2830D43B-B50C-4CFC-82BA-52B412DCAFD1}.Debug|Win32.ActiveCfg = Debug|Win32
		{2830D43B-B50C-4CFC-82BA-52B412DCAFD1}.Debug|Win32.Build.0 = Debug|Win32
		{2830D43B-B50C-4CFC-82BA-52B412DCAFD1}.Debug|x64.ActiveCfg = Debug|x64
		{2830D43B-B50C-4CFC-82BA-52B412DCAFD1}.Debug|x64.Build.0 = Debug|x64
		{2830D43B-B50C-4CFC-82BA-52B412DCAFD1}.Release|Win32.ActiveCfg = Release|Win32
		{2830D43B-B50C-4CFC-82BA-52B412DCAFD1}.Release|Win32.Build.0 = Release|Win32
		{2830D43B-B50C-4CFC-82BA-52B412DCAFD1}.Release|x64.ActiveCfg = Release|x64
		{2830D43B-B50C-4CFC-82BA-52B412DCAFD1}.Release|x64.Build.0 = Release|x64
		{224A74A3-9981-4FB2-85E9-B073D3CA98B1}.Debug|Win32.ActiveCfg = Debug|Win32
		{224A74A3-9981-4FB2-85E9-B073D3CA98B1}.Debug|Win32.Build.0 = Debug|Win32
		{224A74A3-9981-4FB2-85E9-B073D3CA98B1}.Debug|x64.ActiveCfg = Debug|x64
		{224A74A3-9981-4FB2-85E9-B073D3CA98B1}.Debug|x64.Build.0 = Debug|x64
		{224A74A3-9981-4FB2-85E9-B073D3CA98B1}.Release|Win32.ActiveCfg = Release|Win32
		{224A74A3-9981-4FB2-85E9-B073D3CA98B1}.Release|Win32.Build.0 = Release|Win32
		{224A74A3-9981-4FB2-85E9-B073D3CA98B1}.Release|x64.ActiveCfg = Release|x64
		{224A74A3-9981-4FB2-85E9-B073D3CA98B1}.Release|x64.Build.0 = Release|x64
		{02206154-3ACA-4BC9-B4CF-D58FBD93722E}.Debug|Win32.ActiveCfg = Debug|Win32
		{02206154-3ACA-4BC9-B4CF-D58FBD93722E}.Debug|Win32.Build.0 = Debug|Win32
		{02206154-3ACA-4BC9-B4CF-D58FBD93722E}.Debug|x64.ActiveCfg = Debug|x64
		{02206154-3ACA-4BC9-B4CF-D58FBD93722E}.Debug|x64.Build.0 = Debug|x64
		{02206154-3ACA-4BC9-B4CF-D58FBD93722E}.Release|Win32.ActiveCfg = Release|Win32
		{02206154-3ACA-4BC9-B4CF-D58FBD93722E}.Release|Win32.Build.0 = Release|Win32
		{02206154-3ACA-4BC9-B4CF-D58FBD93722E}.Release|x64.ActiveCfg = Release|x64
		{02206154-3ACA-4BC9-B4CF-D58FBD93722E}.Release|x64.Build.0 = Release|x64
		{13DDACC6-6A8F-4EB8-A58F-F70A1876D653}.Debug|Win32.ActiveCfg = Debug|Win32
		{13DDACC6-6A8F-4EB8-A58F-F70A1876D653}.Debug|Win32.Build.0 = Debug|Win32
		{13DDACC6-6A8F-4EB8-A58F-F70A1876D653}.Debug|x64.ActiveCfg = Debug|x64
		{13DDACC6-6A8F-4EB8-A58F-F70A1876D653}.Debug|x64.Build.0 = Debug|x64
		{13DDACC6-6A8F-4EB8-A58F-F70A1876D653}.Release|Win32.ActiveCfg = Release|Win32
		{13DDACC6-6A8F-4EB8-A58F-F70A1876D653}.Release|Win32.Build.0 = Release|Win32
		{13DDACC6-6A8F-4EB8-A58F-F70A1876D653}.Release|x64.ActiveCfg = Release|x64
		{13DDACC6-6A8F-4EB8-A58F-F70A1876D653}.Release|x64.Build.0 = Release|x64
		{24905BC3-6AF0-4C4D-98BE-A7DD41659C39}.Debug|Win32.ActiveCfg = Debug|Win32
		{24905BC3-6AF0-4C4D-98BE-A7DD41659C39}.Debug|Win32.Build.0 = Debug|Win32
		{24905BC3-6AF0-4C4D-98BE-A7DD41659C39}.Debug|x64.ActiveCfg = Debug|x64
		{24905BC3-6AF0-4C4D-98BE-A7DD41659C39}.Debug|x64.Build.0 = Debug|x64
		{24905BC3-6AF0-4C4D-98BE-A7DD41659C39}.Release|Win32.ActiveCfg = Release|Win32
		{24905BC3-6AF0-4C4D-98BE-A7DD41659C39}.Release|Win32.Build.0 = Release|Win32
		{24905BC3-6AF0-4C4D-98BE-A7DD41659C39}.Release|x64.ActiveCfg = Release|x64
		{24905BC3-6AF0-4C4D-98BE-A7DD41659C39}.Release|x64.Build.0 = Release|x64
		{FD1CD69B-B8ED-40A0-962A-2E89E43D538B}.Debug|Win32.ActiveCfg = Debug|Win32
		{FD1CD69B-B8ED-40A0-962A-2E89E43D538B}.Debug|Win32.Build.0 = Debug|Win32
		{FD1CD69B-B8ED-40A0-962A-2E89E43D538B}.Debug|x64.ActiveCfg = Debug|x64
		{FD1CD69B-B8ED-40A0-962A-2E89E43D538B}.Debug|x64.Build.0 = Debug|x64
		{FD1CD69B-B8ED-40A0-962A-2E89E43D538B}.Release|Win32.ActiveCfg = Release|Win32
		{FD1CD69B-B8ED-40A0-962A-2E89E43D538B}.Release|Win32.Build.0 = Release|Win32
		{FD1CD69B-B8ED-40A0-962A-2E89E43D538B}.Release|x64.ActiveCfg = Release|x64
		{FD1CD69B-B8ED-40A0-962A-2E89E43D538B}.Release|x64.Build.0 = Release|x64
		{0E64C3BC-A6A1-4E70-B523-E70198E6DF43}.Debug|Win32.ActiveCfg = Debug|Win32
		{0E64C3BC-A6A1-4E70-B523-E70198E6DF43}.Debug|Win32.Build.0 = Debug|Win32
		{0E64C3BC-A6A1-4E70-B523-E70198E6DF43}.Debug|x64.ActiveCfg = Debug|x64
		{0E64C3BC-A6A1-4E70-B523-E70198E6DF43}.Debug|x64.Build.0 = Debug|x64
		{0E64C3BC-A6A1-4E70-B523-E70198E6DF43}.Release|Win32.ActiveCfg = Release|Win32
		{0E64C3BC-A6A1-4E70-B523-E70198E6DF43}.Release|Win32.Build.0 = Release|Win32
		{0E64C3BC-A6A1-4E70-B523-E70198E6DF43}.Release|x64.ActiveCfg = Release|x64
		{0E64C3BC-A6A1-4E70-B523-E70198E6DF43}.Release|x64.Build.0 = Release|x64
		{72E38E20-2807-40DD-BB04-DE498EB131B8}.Debug|Win32.ActiveCfg = Debug|Win32
		{72E38E20-2807-40DD-BB04-DE498EB131B8}.Debug|Win32.Build.0 = Debug|Win32
		{72E38E20-2807-40DD-BB04-DE498EB131B8}.Debug|x64.ActiveCfg = Debug|x64
		{72E38E20-2807-40DD-BB04-DE498EB131B8}.Debug|x64.Build.0 = Debug|x64
		{72E38E20-2807-40DD-BB04-DE498EB131B8}.Release|Win32.ActiveCfg = Release|Win32
		{72E38E20-2807-40DD-BB04-DE498EB131B8}.Release|Win32.Build.0 = Release|Win32
		{72E38E20-2807-40DD-BB04-DE498EB131B8}.Release|x64.ActiveCfg = Release|x64
		{72E38E20-2807-40DD-BB04-DE498EB131B8}.Release|x64.Build.0 = Release|x64
		{00CAA543-BECD-42CE-BA7A-D7D77A867811}.Debug|Win32.ActiveCfg = Debug|Win32
		{00CAA543-BECD-42CE-BA7A-D7D77A867811}.Debug|Win32.Build.0 = Debug|Win32
		{00CAA543-BECD-42CE-BA7A-D7D77A867811}.Debug|x64.ActiveCfg = Debug|x64
		{00CAA543-BECD-42CE-BA7A-D7D77A867811}.Debug|x64.Build.0 = Debug|x64
		{00CAA543-BECD-42CE-BA7A-D7D77A867811}.Release|Win32.ActiveCfg = Release|Win32
		{00CAA543-BECD-42CE-BA7A-D7D77A867811}.Release|Win32.Build.0 = Release|Win32
		{00CAA543-BECD-42CE-BA7A-D7D77A867811}.Release|x64.ActiveCfg = Release|x64
		{00CAA543-BECD-42CE-BA7A-D7D77A867811}.Release|x64.Build.0 = Release|x64
		{54C7E226-E083-46DE-8E38-1DB1190D12C4}.Debug|Win32.ActiveCfg = Debug|Win32
		{54C7E226-E083-46DE-8E38-1DB1190D12C4}.Debug|Win32.Build.0 = Debug|Win32
		{54C7E226-E083-46DE-8E38-1DB1190D12C4}.Debug|x64.ActiveCfg = Debug|x64
		{54C7E226-E083-46DE-8E38-1DB1190D12C4}.Debug|x64.Build.0 = Debug|x64
		{54C7E226-E083-46DE-8E38-1DB1190D12C4}.Release|Win32.ActiveCfg = Release|Win32
		{54C7E226-E083-46DE-8E38-1DB1190D12C4}.Release|Win32.Build.0 = Release|Win32
		{54C7E226-E083-46DE-8E38-1DB1190D12C4}.Release|x64.ActiveCfg = Release|x64
		{54C7E226-E083-46DE-8E38-1DB1190D12C4}.Release|x64.Build.0 = Release|x64
		{5F707372-521C-4953-B6BF-63317C0E9F51}.Debug|Win32.ActiveCfg = Debug|Win32
		{5F707372-521C-4953-B6BF-63317C0E9F51}.Debug|Win32.Build.0 = Debug|Win32
		{5F707372-521C-4953-B6BF-63317C0E9F51}.Debug|x64.ActiveCfg = Debug|x64
		{5F707372-521C-4953-B6BF-63317C0E9F51}.Debug|x64.Build.0 = Debug|x64
		{5F707372-521C-4953-B6BF-63317C0E9F51}.Release|Win32.ActiveCfg = Release|Win32
		{5F707372-521C-4953-B6BF-63317C0E9F51}.Release|Win32.Build.0 = Release|Win32
		{5F707372-521C-4953-B6BF-63317C0E9F51}.Release|x64.ActiveCfg = Release|x64
		{5F707372-521C-4953-B6BF-63317C0E9F51}.Release|x64.Build.0 = Release|x64
		{A95A6411-2FC8-41B3-ACF6-15C597353297}.Debug|Win32.ActiveCfg = Debug|Win32
		{A95A6411-2FC8-41B3-ACF6-15C597353297}.Debug|Win32.Build.0 = Debug|Win32
		{A95A6411-2FC8-41B3-ACF6-15C597353297}.Debug|x64.ActiveCfg = Debug|x64
		{A95A6411-2FC8-41B3-ACF6-15C597353297}.Debug|x64.Build.0 = Debug|x64
		{A95A6411-2FC8-41B3-ACF6-15C597353297}.Release|Win32.ActiveCfg = Release|Win32
		{A95A6411-2FC8-41B3-ACF6-15C597353297}.Release|Win32.Build.0 = Release|Win32
		{A95A6411-2FC8-41B3-ACF6-15C597353297}.Release|x64.ActiveCfg = Release|x64
		{A95A6411-2FC8-41B3-ACF6-15C597353297}.Release|x64.Build.0 = Release|x64
		{B019D463-2FDB-447A-8D55-7384ABDB2307}.Debug|Win32.ActiveCfg = Debug|Win32
		{B019D463-2FDB-447A-8D55-7384ABDB2307}.Debug|Win32.Build.0 = Debug|Win32
		{B019D463-2FDB-447A-8D55-7384ABDB2307}.Debug|x64.ActiveCfg = Debug|x64
		{B019D463-2FDB-447A-8D55-7384ABDB2307}.Debug|x64.Build.0 = Debug|x64
		{B019D463-2FDB-447A-8D55-7384ABDB2307}.Release|Win32.ActiveCfg = Release|Win32
		{B019D463-2FDB-447A-8D55-7384ABDB2307}.Release|Win32.Build.0 = Release|Win32
		{B019D463-2FDB-447A-8D55-7384ABDB2307}.Release|x64.ActiveCfg = Release|x64
		{B019D463-2FDB-447A-8D55-7384ABDB2307}.Release|x64.Build.0 = Release|x64
		{9292B48D-D345-402D-A3C6-84CE360F83EE}.Debug|Win32.ActiveCfg = Debug|Win32
		{9292B48D-D345-402D-A3C6-84CE360F83EE}.Debug|Win32.Build.0 = Debug|Win32
		{9292B48D-D345-402D-A3C6-84CE360F83EE}.Debug|x64.ActiveCfg = Debug|x64
		{9292B48D-D345-402D-A3C6-84CE360F83EE}.Debug|x64.Build.0 = Debug|x64
		{9292B48D-D345-402D-A3C6-84CE360F83EE}.Release|Win32.ActiveCfg = Release|Win32
		{9292B48D-D345-402D-A3C6-84CE360F83EE}.Release|Win32.Build.0 = Release|Win32
		{9292B48D-D345-402D-A3C6-84CE360F83EE}.Release|x64.ActiveCfg = Release|x64
		{9292B48D-D345-402D-A3C6-84CE360F83EE}.Release|x64.Build.0 = Release|x64
		{F40052A7-EBE6-4744-835F-5CDC195B8267}.Debug|Win32.ActiveCfg = Debug|Win32
		{F40052A7-EBE6-4744-835F-5CDC195B8267}.Debug|Win32.Build.0 = Debug|Win32
		{F40052A7-EBE6-4744-835F-5CDC195B8267}.Debug|x64.ActiveCfg = Debug|x64
		{F40052A7-EBE6-4744-835F-5CDC195B8267}.Debug|x64.Build.0 = Debug|x64
		{F40052A7-EBE6-4744-835F-5CDC195B8267}.Release|Win32.ActiveCfg = Release|Win32
		{F40052A7-EBE6-4744-835F-5CDC195B8267}.Release|Win32.Build.0 = Release|Win32
		{F40052A7-EBE6-4744-835F-5CDC195B8267}.Release|x64.ActiveCfg = Release|x64
		{F40052A7-EBE6-4744-835F-5CDC195B8267}.Release|x64.Build.0 = Release|x64
		{7A374145-D2BE-4E29-A8C5-972276ED6DA9}.Debug|Win32.ActiveCfg = Debug|Win32
		{7A374145-D2BE-4E29-A8C5-972276ED6DA9}.Debug|Win32.Build.0 = Debug|Win32
		{7A374145-D2BE-4E29-A8C5-972276ED6DA9}.Debug|x64.ActiveCfg = Debug|x64
		{7A374145-D2BE-4E29-A8C5-972276ED6DA9}.Debug|x64.Build.0 = Debug|x64
		{7A374145-D2BE-4E29-A8C5-972276ED6DA9}.Release|Win32.ActiveCfg = Release|Win32
		{7A374145-D2BE-4E29-A8C5-972276ED6DA9}.Release|Win32.Build.0 = Release|Win32
		{7A374145-D2BE-4E29-A8C5-972276ED6DA9}.Release|x64.ActiveCfg = Release|x64
		{7A374145-D2BE-4E29-A8C5-972276ED6DA9}.Release|x64.Build.0 = Release|x64
		{0AA00A74-0E4E-48B2-9EE1-D2C30E4B120B}.Debug|Win32.ActiveCfg = Debug|Win32
		{0AA00A74-0E4E-48B2-9EE1-D2C30E4B120B}.Debug|Win32.Build.0 = Debug|Win32
		{0AA00A74-0E4E-48B2-9EE1-D2C30E4B120B}.Debug|x64.ActiveCfg = Debug|x64
		{0AA00A74-0E4E-48B2-9EE1-D2C30E4B120B}.Debug|x64.Build.0 = Debug|x64
		{0AA00A74-0E4E-48B2-9EE1-D2C30E4B120B}.Release|Win32.ActiveCfg = Release|Win32
		{0AA00A74-0E4E-48B2-9EE1-D2C30E4B120B}.Release|Win32.Build.0 = Release|Win32
		{0AA00A74-0E4E-48B2-9EE1-D2C30E4B120B}.Release|x64.ActiveCfg = Release|x64
		{0AA00A74-0E4E-48B2-9EE1-D2C30E4B120B}.Release|x64.Build.0 = Release|x64
	EndGlobalSection
	GlobalSection(SolutionProperties) = preSolution
		HideSolutionNode = FALSE
	EndGlobalSection
	GlobalSection(NestedProjects) = preSolution
		{224A74A3-9981-4FB2-85E9-B073D3CA98B1} = {BB74804B-E389-48B4-9097-BD1900960311}
		{02206154-3ACA-4BC9-B4CF-D58FBD93722E} = {BB74804B-E389-48B4-9097-BD1900960311}
		{13DDACC6-6A8F-4EB8-A58F-F70A1876D653} = {BB74804B-E389-48B4-9097-BD1900960311}
		{24905BC3-6AF0-4C4D-98BE-A7DD41659C39} = {BB74804B-E389-48B4-9097-BD1900960311}
		{FD1CD69B-B8ED-40A0-962A-2E89E43D538B} = {BB74804B-E389-48B4-9097-BD1900960311}
		{0E64C3BC-A6A1-4E70-B523-E70198E6DF43} = {BB74804B-E389-48B4-9097-BD1900960311}
		{72E38E20-2807-40DD-BB04-DE498EB131B8} = {BB74804B-E389-48B4-9097-BD1900960311}
		{00CAA543-BECD-42CE-BA7A-D7D77A867811} = {BB74804B-E389-48B4-9097-BD1900960311}
		{54C7E226-E083-46DE-8E38-1DB1190D12C4} = {BB74804B-E389-48B4-9097-BD1900960311}
		{5F707372-521C-4953-B6BF-63317C0E9F51} = {BB74804B-E389-48B4-9097-BD1900960311}
		{2830D43B-B50C-4CFC-82BA-52B412DCAFD1} = {BB74804B-E389-48B4-9097-BD1900960311}
		{F40052A7-EBE6-4744-835F-5CDC195B8267} = {BB74804B-E389-48B4-9097-BD1900960311}
		{7A374145-D2BE-4E29-A8C5-972276ED6DA9} = {BB74804B-E389-48B4-9097-BD1900960311}
		{0AA00A74-0E4E-48B2-9EE1-D2C30E4B120B} = {BB74804B-E389-48B4-9097-BD1900960311}
		{A95A6411-2FC8-41B3-ACF6-15C597353297} = {8550B6DA-9C96-400E-BD4F-183E1D5EFBC9}
		{B019D463-2FDB-447A-8D55-7384ABDB2307} = {8550B6DA-9C96-400E-BD4F-183E1D5EFBC9}
		{9292B48D-D345-402D-A3C6-84CE360F83EE} = {8550B6DA-9C96-400E-BD4F-183E1D5EFBC9}
	EndGlobalSection
EndGlobal
