
Microsoft Visual Studio Solution File, Format Version 11.00
# Visual Studio 2010
Project("{8BC9CEB8-8B4A-11D0-8D11-00A0C91BC942}") = "Co-Client", "Co-Client\Co-Client.vcxproj", "{06FB230F-2EFE-42A6-977C-57F63B193828}"
	ProjectSection(ProjectDependencies) = postProject
		{ABB70100-1FAD-4A68-8A40-DA9CE0526CBF} = {ABB70100-1FAD-4A68-8A40-DA9CE0526CBF}
		{2830D43B-B50C-4CFC-82BA-52B412DCAFD1} = {2830D43B-B50C-4CFC-82BA-52B412DCAFD1}
	EndProjectSection
EndProject
Project("{8BC9CEB8-8B4A-11D0-8D11-00A0C91BC942}") = "Co-Common", "Co-Common\Co-Common.vcxproj", "{ABB70100-1FAD-4A68-8A40-DA9CE0526CBF}"
EndProject
Project("{8BC9CEB8-8B4A-11D0-8D11-00A0C91BC942}") = "Co-Engine", "Co-Engine\Co-Engine.vcxproj", "{73AE9533-7AC5-416B-816C-E9158C309318}"
EndProject
Project("{8BC9CEB8-8B4A-11D0-8D11-00A0C91BC942}") = "Co-GLRenderer", "Co-Renderer\Co-Renderer.vcxproj", "{2830D43B-B50C-4CFC-82BA-52B412DCAFD1}"
	ProjectSection(ProjectDependencies) = postProject
		{ABB70100-1FAD-4A68-8A40-DA9CE0526CBF} = {ABB70100-1FAD-4A68-8A40-DA9CE0526CBF}
	EndProjectSection
EndProject
Project("{8BC9CEB8-8B4A-11D0-8D11-00A0C91BC942}") = "SH-Game", "SH-Game\SH-Game.vcxproj", "{254E5F2D-A5B3-4F27-9618-2F37E9439B0F}"
EndProject
Project("{8BC9CEB8-8B4A-11D0-8D11-00A0C91BC942}") = "Co-Rk", "Co-Rk\Co-Rk.vcxproj", "{224A74A3-9981-4FB2-85E9-B073D3CA98B1}"
EndProject
Project("{8BC9CEB8-8B4A-11D0-8D11-00A0C91BC942}") = "Co-Model", "Co-Model\Co-Model.vcxproj", "{02206154-3ACA-4BC9-B4CF-D58FBD93722E}"
EndProject
Project("{8BC9CEB8-8B4A-11D0-8D11-00A0C91BC942}") = "Co-Texture", "Co-Texture\Co-Texture.vcxproj", "{13DDACC6-6A8F-4EB8-A58F-F70A1876D653}"
EndProject
Project("{8BC9CEB8-8B4A-11D0-8D11-00A0C91BC942}") = "Co-Texture-Tool", "Co-Texture-Tool\Co-Texture-Tool.vcxproj", "{24905BC3-6AF0-4C4D-98BE-A7DD41659C39}"
EndProject
Project("{8BC9CEB8-8B4A-11D0-8D11-00A0C91BC942}") = "Co-Freetype", "Co-Freetype\Co-Freetype.vcxproj", "{FD1CD69B-B8ED-40A0-962A-2E89E43D538B}"
EndProject
Project("{8BC9CEB8-8B4A-11D0-8D11-00A0C91BC942}") = "Co-Font", "Co-Font\Co-Font.vcxproj", "{0E64C3BC-A6A1-4E70-B523-E70198E6DF43}"
EndProject
Project("{8BC9CEB8-8B4A-11D0-8D11-00A0C91BC942}") = "Ir-Game", "Ir-Game\Ir-Game.vcxproj", "{6764B810-B40D-4027-9016-2B64BE354726}"
EndProject
Project("{8BC9CEB8-8B4A-11D0-8D11-00A0C91BC942}") = "Co-Server", "Co-Server\Co-Server.vcxproj", "{A2EEF2F6-2D4A-4C5B-9A92-1B2A2C5AF45B}"
EndProject
Project("{8BC9CEB8-8B4A-11D0-8D11-00A0C91BC942}") = "Co-WorkQueue", "Co-WorkQueue\Co-WorkQueue.vcxproj", "{72E38E20-2807-40DD-BB04-DE498EB131B8}"
EndProject
Project("{8BC9CEB8-8B4A-11D0-8D11-00A0C91BC942}") = "Co-Filesystem", "Co-Filesystem\Co-Filesystem.vcxproj", "{00CAA543-BECD-42CE-BA7A-D7D77A867811}"
EndProject
Global
	GlobalSection(SolutionConfigurationPlatforms) = preSolution
		Debug|Win32 = Debug|Win32
		Release|Win32 = Release|Win32
	EndGlobalSection
	GlobalSection(ProjectConfigurationPlatforms) = postSolution
		{06FB230F-2EFE-42A6-977C-57F63B193828}.Debug|Win32.ActiveCfg = Debug|Win32
		{06FB230F-2EFE-42A6-977C-57F63B193828}.Debug|Win32.Build.0 = Debug|Win32
		{06FB230F-2EFE-42A6-977C-57F63B193828}.Release|Win32.ActiveCfg = Release|Win32
		{06FB230F-2EFE-42A6-977C-57F63B193828}.Release|Win32.Build.0 = Release|Win32
		{ABB70100-1FAD-4A68-8A40-DA9CE0526CBF}.Debug|Win32.ActiveCfg = Debug|Win32
		{ABB70100-1FAD-4A68-8A40-DA9CE0526CBF}.Debug|Win32.Build.0 = Debug|Win32
		{ABB70100-1FAD-4A68-8A40-DA9CE0526CBF}.Release|Win32.ActiveCfg = Release|Win32
		{ABB70100-1FAD-4A68-8A40-DA9CE0526CBF}.Release|Win32.Build.0 = Release|Win32
		{73AE9533-7AC5-416B-816C-E9158C309318}.Debug|Win32.ActiveCfg = Debug|Win32
		{73AE9533-7AC5-416B-816C-E9158C309318}.Debug|Win32.Build.0 = Debug|Win32
		{73AE9533-7AC5-416B-816C-E9158C309318}.Release|Win32.ActiveCfg = Release|Win32
		{73AE9533-7AC5-416B-816C-E9158C309318}.Release|Win32.Build.0 = Release|Win32
		{2830D43B-B50C-4CFC-82BA-52B412DCAFD1}.Debug|Win32.ActiveCfg = Debug|Win32
		{2830D43B-B50C-4CFC-82BA-52B412DCAFD1}.Debug|Win32.Build.0 = Debug|Win32
		{2830D43B-B50C-4CFC-82BA-52B412DCAFD1}.Release|Win32.ActiveCfg = Release|Win32
		{2830D43B-B50C-4CFC-82BA-52B412DCAFD1}.Release|Win32.Build.0 = Release|Win32
		{254E5F2D-A5B3-4F27-9618-2F37E9439B0F}.Debug|Win32.ActiveCfg = Debug|Win32
		{254E5F2D-A5B3-4F27-9618-2F37E9439B0F}.Debug|Win32.Build.0 = Debug|Win32
		{254E5F2D-A5B3-4F27-9618-2F37E9439B0F}.Release|Win32.ActiveCfg = Release|Win32
		{254E5F2D-A5B3-4F27-9618-2F37E9439B0F}.Release|Win32.Build.0 = Release|Win32
		{224A74A3-9981-4FB2-85E9-B073D3CA98B1}.Debug|Win32.ActiveCfg = Debug|Win32
		{224A74A3-9981-4FB2-85E9-B073D3CA98B1}.Debug|Win32.Build.0 = Debug|Win32
		{224A74A3-9981-4FB2-85E9-B073D3CA98B1}.Release|Win32.ActiveCfg = Release|Win32
		{224A74A3-9981-4FB2-85E9-B073D3CA98B1}.Release|Win32.Build.0 = Release|Win32
		{02206154-3ACA-4BC9-B4CF-D58FBD93722E}.Debug|Win32.ActiveCfg = Debug|Win32
		{02206154-3ACA-4BC9-B4CF-D58FBD93722E}.Debug|Win32.Build.0 = Debug|Win32
		{02206154-3ACA-4BC9-B4CF-D58FBD93722E}.Release|Win32.ActiveCfg = Release|Win32
		{02206154-3ACA-4BC9-B4CF-D58FBD93722E}.Release|Win32.Build.0 = Release|Win32
		{13DDACC6-6A8F-4EB8-A58F-F70A1876D653}.Debug|Win32.ActiveCfg = Debug|Win32
		{13DDACC6-6A8F-4EB8-A58F-F70A1876D653}.Debug|Win32.Build.0 = Debug|Win32
		{13DDACC6-6A8F-4EB8-A58F-F70A1876D653}.Release|Win32.ActiveCfg = Release|Win32
		{13DDACC6-6A8F-4EB8-A58F-F70A1876D653}.Release|Win32.Build.0 = Release|Win32
		{24905BC3-6AF0-4C4D-98BE-A7DD41659C39}.Debug|Win32.ActiveCfg = Debug|Win32
		{24905BC3-6AF0-4C4D-98BE-A7DD41659C39}.Debug|Win32.Build.0 = Debug|Win32
		{24905BC3-6AF0-4C4D-98BE-A7DD41659C39}.Release|Win32.ActiveCfg = Release|Win32
		{24905BC3-6AF0-4C4D-98BE-A7DD41659C39}.Release|Win32.Build.0 = Release|Win32
		{FD1CD69B-B8ED-40A0-962A-2E89E43D538B}.Debug|Win32.ActiveCfg = Debug|Win32
		{FD1CD69B-B8ED-40A0-962A-2E89E43D538B}.Debug|Win32.Build.0 = Debug|Win32
		{FD1CD69B-B8ED-40A0-962A-2E89E43D538B}.Release|Win32.ActiveCfg = Release|Win32
		{FD1CD69B-B8ED-40A0-962A-2E89E43D538B}.Release|Win32.Build.0 = Release|Win32
		{0E64C3BC-A6A1-4E70-B523-E70198E6DF43}.Debug|Win32.ActiveCfg = Debug|Win32
		{0E64C3BC-A6A1-4E70-B523-E70198E6DF43}.Debug|Win32.Build.0 = Debug|Win32
		{0E64C3BC-A6A1-4E70-B523-E70198E6DF43}.Release|Win32.ActiveCfg = Release|Win32
		{0E64C3BC-A6A1-4E70-B523-E70198E6DF43}.Release|Win32.Build.0 = Release|Win32
		{6764B810-B40D-4027-9016-2B64BE354726}.Debug|Win32.ActiveCfg = Debug|Win32
		{6764B810-B40D-4027-9016-2B64BE354726}.Debug|Win32.Build.0 = Debug|Win32
		{6764B810-B40D-4027-9016-2B64BE354726}.Release|Win32.ActiveCfg = Release|Win32
		{6764B810-B40D-4027-9016-2B64BE354726}.Release|Win32.Build.0 = Release|Win32
		{A2EEF2F6-2D4A-4C5B-9A92-1B2A2C5AF45B}.Debug|Win32.ActiveCfg = Debug|Win32
		{A2EEF2F6-2D4A-4C5B-9A92-1B2A2C5AF45B}.Debug|Win32.Build.0 = Debug|Win32
		{A2EEF2F6-2D4A-4C5B-9A92-1B2A2C5AF45B}.Release|Win32.ActiveCfg = Release|Win32
		{A2EEF2F6-2D4A-4C5B-9A92-1B2A2C5AF45B}.Release|Win32.Build.0 = Release|Win32
		{72E38E20-2807-40DD-BB04-DE498EB131B8}.Debug|Win32.ActiveCfg = Debug|Win32
		{72E38E20-2807-40DD-BB04-DE498EB131B8}.Debug|Win32.Build.0 = Debug|Win32
		{72E38E20-2807-40DD-BB04-DE498EB131B8}.Release|Win32.ActiveCfg = Release|Win32
		{72E38E20-2807-40DD-BB04-DE498EB131B8}.Release|Win32.Build.0 = Release|Win32
		{00CAA543-BECD-42CE-BA7A-D7D77A867811}.Debug|Win32.ActiveCfg = Debug|Win32
		{00CAA543-BECD-42CE-BA7A-D7D77A867811}.Debug|Win32.Build.0 = Debug|Win32
		{00CAA543-BECD-42CE-BA7A-D7D77A867811}.Release|Win32.ActiveCfg = Release|Win32
		{00CAA543-BECD-42CE-BA7A-D7D77A867811}.Release|Win32.Build.0 = Release|Win32
	EndGlobalSection
	GlobalSection(SolutionProperties) = preSolution
		HideSolutionNode = FALSE
	EndGlobalSection
EndGlobal
