<?xml version="1.0" encoding="utf-8"?>
<Project ToolsVersion="4.0" xmlns="http://schemas.microsoft.com/developer/msbuild/2003">
  <ItemGroup>
    <Filter Include="API">
      <UniqueIdentifier>{d7d0519e-0724-4de8-9796-94015d4fb6da}</UniqueIdentifier>
    </Filter>
    <Filter Include="GLBuffer">
      <UniqueIdentifier>{0e8abb45-c3f3-46ab-8619-00359baf8531}</UniqueIdentifier>
    </Filter>
    <Filter Include="GLCompilation">
      <UniqueIdentifier>{6bdd161c-33d1-4e68-b0e9-a91c4dea27d4}</UniqueIdentifier>
    </Filter>
    <Filter Include="GLRenderer">
      <UniqueIdentifier>{f7b50985-a1f2-4512-aabf-734404a7be2c}</UniqueIdentifier>
    </Filter>
    <Filter Include="GLContext">
      <UniqueIdentifier>{b748b0a0-6fd9-44c9-9f77-8a57c1523ee7}</UniqueIdentifier>
    </Filter>
    <Filter Include="GLFrame">
      <UniqueIdentifier>{7392d953-9b1a-4e3b-b32c-e4963278decd}</UniqueIdentifier>
    </Filter>
    <Filter Include="GLTexImage">
      <UniqueIdentifier>{cd7ecfb6-3f61-4cd1-88e4-a764e4731360}</UniqueIdentifier>
    </Filter>
    <Filter Include="Shaders">
      <UniqueIdentifier>{2f72dc42-6d1e-41df-8bda-77dddeb3e074}</UniqueIdentifier>
    </Filter>
    <Filter Include="GLShader">
      <UniqueIdentifier>{907bc77a-89bb-4850-b0df-30ba4036a10a}</UniqueIdentifier>
    </Filter>
    <Filter Include="Shaders\Geom">
      <UniqueIdentifier>{fc72e7e9-1ece-4952-94ce-54d325be8c38}</UniqueIdentifier>
    </Filter>
    <Filter Include="Shaders\Rect">
      <UniqueIdentifier>{4ab2c60a-7d81-47b3-bc20-f3831e134c1e}</UniqueIdentifier>
    </Filter>
  </ItemGroup>
  <ItemGroup>
    <ClInclude Include="..\Include\Co\IxRenderer.hpp">
      <Filter>API</Filter>
    </ClInclude>
    <ClInclude Include="..\Include\Co\IxRenderDevice.hpp">
      <Filter>API</Filter>
    </ClInclude>
    <ClInclude Include="..\Include\Co\IxGeomBuffer.hpp">
      <Filter>API</Filter>
    </ClInclude>
    <ClInclude Include="..\Include\Co\IxGeomCompilation.hpp">
      <Filter>API</Filter>
    </ClInclude>
    <ClInclude Include="GLBuffer.hpp">
      <Filter>GLBuffer</Filter>
    </ClInclude>
    <ClInclude Include="GLCompilation.hpp">
      <Filter>GLCompilation</Filter>
    </ClInclude>
    <ClInclude Include="GLRenderer.hpp">
      <Filter>GLRenderer</Filter>
    </ClInclude>
    <ClInclude Include="GLContext.hpp">
      <Filter>GLContext</Filter>
    </ClInclude>
    <ClInclude Include="GLFrame.hpp">
      <Filter>GLFrame</Filter>
    </ClInclude>
    <ClInclude Include="..\Include\Co\IxRenderContext.hpp">
      <Filter>API</Filter>
    </ClInclude>
    <ClInclude Include="GL.hpp" />
    <ClInclude Include="..\Include\Co\IxTexImage.hpp">
      <Filter>API</Filter>
    </ClInclude>
    <ClInclude Include="GLTexImage.hpp">
      <Filter>GLTexImage</Filter>
    </ClInclude>
    <ClInclude Include="GLShader.hpp">
      <Filter>GLShader</Filter>
    </ClInclude>
    <ClInclude Include="GeomProgram.hpp">
      <Filter>Shaders\Geom</Filter>
    </ClInclude>
    <ClInclude Include="RectProgram.hpp">
      <Filter>Shaders\Rect</Filter>
    </ClInclude>
    <ClInclude Include="..\Include\Co\IxTexRectangle.hpp">
      <Filter>API</Filter>
    </ClInclude>
    <ClInclude Include="..\Include\Co\IxFrame.hpp">
      <Filter>API</Filter>
    </ClInclude>
  </ItemGroup>
  <ItemGroup>
    <ClCompile Include="GLCompilation.cpp">
      <Filter>GLCompilation</Filter>
    </ClCompile>
    <ClCompile Include="GLBuffer.cpp">
      <Filter>GLBuffer</Filter>
    </ClCompile>
    <ClCompile Include="GLRenderer.cpp">
      <Filter>GLRenderer</Filter>
    </ClCompile>
    <ClCompile Include="GLContext.cpp">
      <Filter>GLContext</Filter>
    </ClCompile>
    <ClCompile Include="GLFrame.cpp">
      <Filter>GLFrame</Filter>
    </ClCompile>
    <ClCompile Include="Module.cpp" />
    <ClCompile Include="GLTexImage.cpp">
      <Filter>GLTexImage</Filter>
    </ClCompile>
    <ClCompile Include="GLShader.cpp">
      <Filter>GLShader</Filter>
    </ClCompile>
    <ClCompile Include="GeomProgram.cpp">
      <Filter>Shaders\Geom</Filter>
    </ClCompile>
    <ClCompile Include="RectProgram.cpp">
      <Filter>Shaders\Rect</Filter>
    </ClCompile>
  </ItemGroup>
  <ItemGroup>
    <CustomBuild Include="Geom-Fragment.glsl">
      <Filter>Shaders\Geom</Filter>
    </CustomBuild>
    <CustomBuild Include="Geom-Vertex.glsl">
      <Filter>Shaders\Geom</Filter>
    </CustomBuild>
    <CustomBuild Include="Rect-Fragment.glsl">
      <Filter>Shaders\Rect</Filter>
    </CustomBuild>
    <CustomBuild Include="Rect-Vertex.glsl">
      <Filter>Shaders\Rect</Filter>
    </CustomBuild>
  </ItemGroup>
</Project>